
Microsoft Visual Studio Solution File, Format Version 12.00
# Visual Studio Version 17
VisualStudioVersion = 17.13.35828.75 d17.13
MinimumVisualStudioVersion = 10.0.40219.1
Project("{FAE04EC0-301F-11D3-BF4B-00C04F79EFBC}") = "FerioBackend", "FerioBackend\FerioBackend.csproj", "{75449331-BC55-498B-B065-1699826E8B79}"
EndProject
Global
	GlobalSection(SolutionConfigurationPlatforms) = preSolution
		Debug|Any CPU = Debug|Any CPU
		Release|Any CPU = Release|Any CPU
	EndGlobalSection
	GlobalSection(ProjectConfigurationPlatforms) = postSolution
		{75449331-BC55-498B-B065-1699826E8B79}.Debug|Any CPU.ActiveCfg = Debug|Any CPU
		{75449331-BC55-498B-B065-1699826E8B79}.Debug|Any CPU.Build.0 = Debug|Any CPU
		{75449331-BC55-498B-B065-1699826E8B79}.Release|Any CPU.ActiveCfg = Release|Any CPU
		{75449331-BC55-498B-B065-1699826E8B79}.Release|Any CPU.Build.0 = Release|Any CPU
	EndGlobalSection
	GlobalSection(SolutionProperties) = preSolution
		HideSolutionNode = FALSE
	EndGlobalSection
	GlobalSection(ExtensibilityGlobals) = postSolution
		SolutionGuid = {0FD53811-D1AD-4C9F-BC45-45972AA8643E}
	EndGlobalSection
EndGlobal
